
Microsoft Visual Studio Solution File, Format Version 12.00
# Visual Studio 15
Project("{FAE04EC0-301F-11D3-BF4B-00C04F79EFBC}") = "Assembly-CSharp", "Assembly-CSharp.csproj", "{C633F709-349C-D5F3-D78A-6899841BEC57}"
EndProject
Project("{FAE04EC0-301F-11D3-BF4B-00C04F79EFBC}") = "Assembly-CSharp-Editor", "Assembly-CSharp-Editor.csproj", "{1512DDCC-5F9A-EC68-138D-2A6029E49027}"
EndProject
Global
	GlobalSection(SolutionConfigurationPlatforms) = preSolution
		Debug|Any CPU = Debug|Any CPU
		Release|Any CPU = Release|Any CPU
	EndGlobalSection
	GlobalSection(ProjectConfigurationPlatforms) = postSolution
		{C633F709-349C-D5F3-D78A-6899841BEC57}.Debug|Any CPU.ActiveCfg = Debug|Any CPU
		{C633F709-349C-D5F3-D78A-6899841BEC57}.Debug|Any CPU.Build.0 = Debug|Any CPU
		{C633F709-349C-D5F3-D78A-6899841BEC57}.Release|Any CPU.ActiveCfg = Release|Any CPU
		{C633F709-349C-D5F3-D78A-6899841BEC57}.Release|Any CPU.Build.0 = Release|Any CPU
		{1512DDCC-5F9A-EC68-138D-2A6029E49027}.Debug|Any CPU.ActiveCfg = Debug|Any CPU
		{1512DDCC-5F9A-EC68-138D-2A6029E49027}.Debug|Any CPU.Build.0 = Debug|Any CPU
		{1512DDCC-5F9A-EC68-138D-2A6029E49027}.Release|Any CPU.ActiveCfg = Release|Any CPU
		{1512DDCC-5F9A-EC68-138D-2A6029E49027}.Release|Any CPU.Build.0 = Release|Any CPU
	EndGlobalSection
	GlobalSection(SolutionProperties) = preSolution
		HideSolutionNode = FALSE
	EndGlobalSection
EndGlobal
